
Microsoft Visual Studio Solution File, Format Version 12.00
# Visual Studio 15
Project("{FAE04EC0-301F-11D3-BF4B-00C04F79EFBC}") = "Assembly-CSharp", "Assembly-CSharp.csproj", "{1B5D260B-7188-F1AD-D7ED-7337C40AC996}"
EndProject
Project("{FAE04EC0-301F-11D3-BF4B-00C04F79EFBC}") = "Assembly-CSharp-Editor", "Assembly-CSharp-Editor.csproj", "{1099CAEA-1D2D-9E00-7C8C-2C0F18E8A63D}"
EndProject
Global
	GlobalSection(SolutionConfigurationPlatforms) = preSolution
		Debug|Any CPU = Debug|Any CPU
		Release|Any CPU = Release|Any CPU
	EndGlobalSection
	GlobalSection(ProjectConfigurationPlatforms) = postSolution
		{1B5D260B-7188-F1AD-D7ED-7337C40AC996}.Debug|Any CPU.ActiveCfg = Debug|Any CPU
		{1B5D260B-7188-F1AD-D7ED-7337C40AC996}.Debug|Any CPU.Build.0 = Debug|Any CPU
		{1B5D260B-7188-F1AD-D7ED-7337C40AC996}.Release|Any CPU.ActiveCfg = Release|Any CPU
		{1B5D260B-7188-F1AD-D7ED-7337C40AC996}.Release|Any CPU.Build.0 = Release|Any CPU
		{1099CAEA-1D2D-9E00-7C8C-2C0F18E8A63D}.Debug|Any CPU.ActiveCfg = Debug|Any CPU
		{1099CAEA-1D2D-9E00-7C8C-2C0F18E8A63D}.Debug|Any CPU.Build.0 = Debug|Any CPU
		{1099CAEA-1D2D-9E00-7C8C-2C0F18E8A63D}.Release|Any CPU.ActiveCfg = Release|Any CPU
		{1099CAEA-1D2D-9E00-7C8C-2C0F18E8A63D}.Release|Any CPU.Build.0 = Release|Any CPU
	EndGlobalSection
	GlobalSection(SolutionProperties) = preSolution
		HideSolutionNode = FALSE
	EndGlobalSection
EndGlobal
